
Microsoft Visual Studio Solution File, Format Version 12.00
# Visual Studio 2012
Project("{8BC9CEB8-8B4A-11D0-8D11-00A0C91BC942}") = "App", "App\App.vcxproj", "{16ED9246-7036-42B7-A600-4C9251D9646E}"
	ProjectSection(ProjectDependencies) = postProject
		{04A38164-A98E-4C0D-97AF-BA72D7A922F0} = {04A38164-A98E-4C0D-97AF-BA72D7A922F0}
	EndProjectSection
EndProject
Project("{8BC9CEB8-8B4A-11D0-8D11-00A0C91BC942}") = "SQLInjection", "SQLInjection\SQLInjection.vcxproj", "{04A38164-A98E-4C0D-97AF-BA72D7A922F0}"
EndProject
Project("{8BC9CEB8-8B4A-11D0-8D11-00A0C91BC942}") = "DiffTesting", "DiffTesting\DiffTesting.vcxproj", "{28E99E61-BD54-4180-89C4-6902A8C07431}"
EndProject
Project("{8BC9CEB8-8B4A-11D0-8D11-00A0C91BC942}") = "ZK-Enclave", "ZK-Enclave\ZK-Enclave.vcxproj", "{FDFAA09D-7D32-449E-9C40-024BDFA17770}"
EndProject
Project("{8BC9CEB8-8B4A-11D0-8D11-00A0C91BC942}") = "Dummy", "Dummy\Dummy.vcxproj", "{838CCE5D-E8C2-44B6-A38D-33B96B80174F}"
EndProject
Global
	GlobalSection(SolutionConfigurationPlatforms) = preSolution
		Debug|ARM = Debug|ARM
		Debug|Mixed Platforms = Debug|Mixed Platforms
		Debug|Win32 = Debug|Win32
		Debug|x64 = Debug|x64
		DLL-Import Debug|ARM = DLL-Import Debug|ARM
		DLL-Import Debug|Mixed Platforms = DLL-Import Debug|Mixed Platforms
		DLL-Import Debug|Win32 = DLL-Import Debug|Win32
		DLL-Import Debug|x64 = DLL-Import Debug|x64
		DLL-Import Release|ARM = DLL-Import Release|ARM
		DLL-Import Release|Mixed Platforms = DLL-Import Release|Mixed Platforms
		DLL-Import Release|Win32 = DLL-Import Release|Win32
		DLL-Import Release|x64 = DLL-Import Release|x64
		Prerelease|ARM = Prerelease|ARM
		Prerelease|Mixed Platforms = Prerelease|Mixed Platforms
		Prerelease|Win32 = Prerelease|Win32
		Prerelease|x64 = Prerelease|x64
		Release|ARM = Release|ARM
		Release|Mixed Platforms = Release|Mixed Platforms
		Release|Win32 = Release|Win32
		Release|x64 = Release|x64
		Simulation|ARM = Simulation|ARM
		Simulation|Mixed Platforms = Simulation|Mixed Platforms
		Simulation|Win32 = Simulation|Win32
		Simulation|x64 = Simulation|x64
	EndGlobalSection
	GlobalSection(ProjectConfigurationPlatforms) = postSolution
		{16ED9246-7036-42B7-A600-4C9251D9646E}.Debug|ARM.ActiveCfg = Debug|Win32
		{16ED9246-7036-42B7-A600-4C9251D9646E}.Debug|Mixed Platforms.ActiveCfg = Debug|Win32
		{16ED9246-7036-42B7-A600-4C9251D9646E}.Debug|Mixed Platforms.Build.0 = Debug|Win32
		{16ED9246-7036-42B7-A600-4C9251D9646E}.Debug|Win32.ActiveCfg = Debug|Win32
		{16ED9246-7036-42B7-A600-4C9251D9646E}.Debug|Win32.Build.0 = Debug|Win32
		{16ED9246-7036-42B7-A600-4C9251D9646E}.Debug|x64.ActiveCfg = Debug|x64
		{16ED9246-7036-42B7-A600-4C9251D9646E}.DLL-Import Debug|ARM.ActiveCfg = Debug|Win32
		{16ED9246-7036-42B7-A600-4C9251D9646E}.DLL-Import Debug|Mixed Platforms.ActiveCfg = Debug|Win32
		{16ED9246-7036-42B7-A600-4C9251D9646E}.DLL-Import Debug|Mixed Platforms.Build.0 = Debug|Win32
		{16ED9246-7036-42B7-A600-4C9251D9646E}.DLL-Import Debug|Win32.ActiveCfg = Debug|Win32
		{16ED9246-7036-42B7-A600-4C9251D9646E}.DLL-Import Debug|Win32.Build.0 = Debug|Win32
		{16ED9246-7036-42B7-A600-4C9251D9646E}.DLL-Import Debug|x64.ActiveCfg = Debug|Win32
		{16ED9246-7036-42B7-A600-4C9251D9646E}.DLL-Import Release|ARM.ActiveCfg = Release|Win32
		{16ED9246-7036-42B7-A600-4C9251D9646E}.DLL-Import Release|Mixed Platforms.ActiveCfg = Release|Win32
		{16ED9246-7036-42B7-A600-4C9251D9646E}.DLL-Import Release|Mixed Platforms.Build.0 = Release|Win32
		{16ED9246-7036-42B7-A600-4C9251D9646E}.DLL-Import Release|Win32.ActiveCfg = Release|Win32
		{16ED9246-7036-42B7-A600-4C9251D9646E}.DLL-Import Release|Win32.Build.0 = Release|Win32
		{16ED9246-7036-42B7-A600-4C9251D9646E}.DLL-Import Release|x64.ActiveCfg = Release|Win32
		{16ED9246-7036-42B7-A600-4C9251D9646E}.Prerelease|ARM.ActiveCfg = Prerelease|Win32
		{16ED9246-7036-42B7-A600-4C9251D9646E}.Prerelease|Mixed Platforms.ActiveCfg = Prerelease|Win32
		{16ED9246-7036-42B7-A600-4C9251D9646E}.Prerelease|Mixed Platforms.Build.0 = Prerelease|Win32
		{16ED9246-7036-42B7-A600-4C9251D9646E}.Prerelease|Win32.ActiveCfg = Prerelease|Win32
		{16ED9246-7036-42B7-A600-4C9251D9646E}.Prerelease|Win32.Build.0 = Prerelease|Win32
		{16ED9246-7036-42B7-A600-4C9251D9646E}.Prerelease|x64.ActiveCfg = Prerelease|Win32
		{16ED9246-7036-42B7-A600-4C9251D9646E}.Release|ARM.ActiveCfg = Release|Win32
		{16ED9246-7036-42B7-A600-4C9251D9646E}.Release|Mixed Platforms.ActiveCfg = Release|Win32
		{16ED9246-7036-42B7-A600-4C9251D9646E}.Release|Mixed Platforms.Build.0 = Release|Win32
		{16ED9246-7036-42B7-A600-4C9251D9646E}.Release|Win32.ActiveCfg = Release|Win32
		{16ED9246-7036-42B7-A600-4C9251D9646E}.Release|Win32.Build.0 = Release|Win32
		{16ED9246-7036-42B7-A600-4C9251D9646E}.Release|x64.ActiveCfg = Release|Win32
		{16ED9246-7036-42B7-A600-4C9251D9646E}.Simulation|ARM.ActiveCfg = Simulation|Win32
		{16ED9246-7036-42B7-A600-4C9251D9646E}.Simulation|Mixed Platforms.ActiveCfg = Simulation|Win32
		{16ED9246-7036-42B7-A600-4C9251D9646E}.Simulation|Mixed Platforms.Build.0 = Simulation|Win32
		{16ED9246-7036-42B7-A600-4C9251D9646E}.Simulation|Win32.ActiveCfg = Simulation|Win32
		{16ED9246-7036-42B7-A600-4C9251D9646E}.Simulation|Win32.Build.0 = Simulation|Win32
		{16ED9246-7036-42B7-A600-4C9251D9646E}.Simulation|x64.ActiveCfg = Simulation|Win32
		{04A38164-A98E-4C0D-97AF-BA72D7A922F0}.Debug|ARM.ActiveCfg = Debug|Win32
		{04A38164-A98E-4C0D-97AF-BA72D7A922F0}.Debug|Mixed Platforms.ActiveCfg = Debug|Win32
		{04A38164-A98E-4C0D-97AF-BA72D7A922F0}.Debug|Mixed Platforms.Build.0 = Debug|Win32
		{04A38164-A98E-4C0D-97AF-BA72D7A922F0}.Debug|Win32.ActiveCfg = Debug|Win32
		{04A38164-A98E-4C0D-97AF-BA72D7A922F0}.Debug|Win32.Build.0 = Debug|Win32
		{04A38164-A98E-4C0D-97AF-BA72D7A922F0}.Debug|x64.ActiveCfg = Debug|Win32
		{04A38164-A98E-4C0D-97AF-BA72D7A922F0}.DLL-Import Debug|ARM.ActiveCfg = Debug|Win32
		{04A38164-A98E-4C0D-97AF-BA72D7A922F0}.DLL-Import Debug|Mixed Platforms.ActiveCfg = Debug|Win32
		{04A38164-A98E-4C0D-97AF-BA72D7A922F0}.DLL-Import Debug|Mixed Platforms.Build.0 = Debug|Win32
		{04A38164-A98E-4C0D-97AF-BA72D7A922F0}.DLL-Import Debug|Win32.ActiveCfg = Debug|Win32
		{04A38164-A98E-4C0D-97AF-BA72D7A922F0}.DLL-Import Debug|Win32.Build.0 = Debug|Win32
		{04A38164-A98E-4C0D-97AF-BA72D7A922F0}.DLL-Import Debug|x64.ActiveCfg = Debug|Win32
		{04A38164-A98E-4C0D-97AF-BA72D7A922F0}.DLL-Import Release|ARM.ActiveCfg = Release|Win32
		{04A38164-A98E-4C0D-97AF-BA72D7A922F0}.DLL-Import Release|Mixed Platforms.ActiveCfg = Release|Win32
		{04A38164-A98E-4C0D-97AF-BA72D7A922F0}.DLL-Import Release|Mixed Platforms.Build.0 = Release|Win32
		{04A38164-A98E-4C0D-97AF-BA72D7A922F0}.DLL-Import Release|Win32.ActiveCfg = Release|Win32
		{04A38164-A98E-4C0D-97AF-BA72D7A922F0}.DLL-Import Release|Win32.Build.0 = Release|Win32
		{04A38164-A98E-4C0D-97AF-BA72D7A922F0}.DLL-Import Release|x64.ActiveCfg = Release|Win32
		{04A38164-A98E-4C0D-97AF-BA72D7A922F0}.Prerelease|ARM.ActiveCfg = Prerelease|Win32
		{04A38164-A98E-4C0D-97AF-BA72D7A922F0}.Prerelease|Mixed Platforms.ActiveCfg = Prerelease|Win32
		{04A38164-A98E-4C0D-97AF-BA72D7A922F0}.Prerelease|Mixed Platforms.Build.0 = Prerelease|Win32
		{04A38164-A98E-4C0D-97AF-BA72D7A922F0}.Prerelease|Win32.ActiveCfg = Prerelease|Win32
		{04A38164-A98E-4C0D-97AF-BA72D7A922F0}.Prerelease|Win32.Build.0 = Prerelease|Win32
		{04A38164-A98E-4C0D-97AF-BA72D7A922F0}.Prerelease|x64.ActiveCfg = Prerelease|Win32
		{04A38164-A98E-4C0D-97AF-BA72D7A922F0}.Release|ARM.ActiveCfg = Release|Win32
		{04A38164-A98E-4C0D-97AF-BA72D7A922F0}.Release|Mixed Platforms.ActiveCfg = Release|Win32
		{04A38164-A98E-4C0D-97AF-BA72D7A922F0}.Release|Mixed Platforms.Build.0 = Release|Win32
		{04A38164-A98E-4C0D-97AF-BA72D7A922F0}.Release|Win32.ActiveCfg = Release|Win32
		{04A38164-A98E-4C0D-97AF-BA72D7A922F0}.Release|Win32.Build.0 = Release|Win32
		{04A38164-A98E-4C0D-97AF-BA72D7A922F0}.Release|x64.ActiveCfg = Release|Win32
		{04A38164-A98E-4C0D-97AF-BA72D7A922F0}.Simulation|ARM.ActiveCfg = Simulation|Win32
		{04A38164-A98E-4C0D-97AF-BA72D7A922F0}.Simulation|Mixed Platforms.ActiveCfg = Simulation|Win32
		{04A38164-A98E-4C0D-97AF-BA72D7A922F0}.Simulation|Mixed Platforms.Build.0 = Simulation|Win32
		{04A38164-A98E-4C0D-97AF-BA72D7A922F0}.Simulation|Win32.ActiveCfg = Simulation|Win32
		{04A38164-A98E-4C0D-97AF-BA72D7A922F0}.Simulation|Win32.Build.0 = Simulation|Win32
		{04A38164-A98E-4C0D-97AF-BA72D7A922F0}.Simulation|x64.ActiveCfg = Simulation|Win32
		{28E99E61-BD54-4180-89C4-6902A8C07431}.Debug|ARM.ActiveCfg = Debug|Win32
		{28E99E61-BD54-4180-89C4-6902A8C07431}.Debug|Mixed Platforms.ActiveCfg = Debug|Win32
		{28E99E61-BD54-4180-89C4-6902A8C07431}.Debug|Mixed Platforms.Build.0 = Debug|Win32
		{28E99E61-BD54-4180-89C4-6902A8C07431}.Debug|Win32.ActiveCfg = Debug|Win32
		{28E99E61-BD54-4180-89C4-6902A8C07431}.Debug|Win32.Build.0 = Debug|Win32
		{28E99E61-BD54-4180-89C4-6902A8C07431}.Debug|x64.ActiveCfg = Debug|Win32
		{28E99E61-BD54-4180-89C4-6902A8C07431}.DLL-Import Debug|ARM.ActiveCfg = Debug|Win32
		{28E99E61-BD54-4180-89C4-6902A8C07431}.DLL-Import Debug|Mixed Platforms.ActiveCfg = Debug|Win32
		{28E99E61-BD54-4180-89C4-6902A8C07431}.DLL-Import Debug|Mixed Platforms.Build.0 = Debug|Win32
		{28E99E61-BD54-4180-89C4-6902A8C07431}.DLL-Import Debug|Win32.ActiveCfg = Debug|Win32
		{28E99E61-BD54-4180-89C4-6902A8C07431}.DLL-Import Debug|Win32.Build.0 = Debug|Win32
		{28E99E61-BD54-4180-89C4-6902A8C07431}.DLL-Import Debug|x64.ActiveCfg = Debug|Win32
		{28E99E61-BD54-4180-89C4-6902A8C07431}.DLL-Import Release|ARM.ActiveCfg = Release|Win32
		{28E99E61-BD54-4180-89C4-6902A8C07431}.DLL-Import Release|Mixed Platforms.ActiveCfg = Release|Win32
		{28E99E61-BD54-4180-89C4-6902A8C07431}.DLL-Import Release|Mixed Platforms.Build.0 = Release|Win32
		{28E99E61-BD54-4180-89C4-6902A8C07431}.DLL-Import Release|Win32.ActiveCfg = Release|Win32
		{28E99E61-BD54-4180-89C4-6902A8C07431}.DLL-Import Release|Win32.Build.0 = Release|Win32
		{28E99E61-BD54-4180-89C4-6902A8C07431}.DLL-Import Release|x64.ActiveCfg = Release|Win32
		{28E99E61-BD54-4180-89C4-6902A8C07431}.Prerelease|ARM.ActiveCfg = Prerelease|Win32
		{28E99E61-BD54-4180-89C4-6902A8C07431}.Prerelease|Mixed Platforms.ActiveCfg = Prerelease|Win32
		{28E99E61-BD54-4180-89C4-6902A8C07431}.Prerelease|Mixed Platforms.Build.0 = Prerelease|Win32
		{28E99E61-BD54-4180-89C4-6902A8C07431}.Prerelease|Win32.ActiveCfg = Prerelease|Win32
		{28E99E61-BD54-4180-89C4-6902A8C07431}.Prerelease|Win32.Build.0 = Prerelease|Win32
		{28E99E61-BD54-4180-89C4-6902A8C07431}.Prerelease|x64.ActiveCfg = Prerelease|Win32
		{28E99E61-BD54-4180-89C4-6902A8C07431}.Release|ARM.ActiveCfg = Release|Win32
		{28E99E61-BD54-4180-89C4-6902A8C07431}.Release|Mixed Platforms.ActiveCfg = Release|Win32
		{28E99E61-BD54-4180-89C4-6902A8C07431}.Release|Mixed Platforms.Build.0 = Release|Win32
		{28E99E61-BD54-4180-89C4-6902A8C07431}.Release|Win32.ActiveCfg = Release|Win32
		{28E99E61-BD54-4180-89C4-6902A8C07431}.Release|Win32.Build.0 = Release|Win32
		{28E99E61-BD54-4180-89C4-6902A8C07431}.Release|x64.ActiveCfg = Release|Win32
		{28E99E61-BD54-4180-89C4-6902A8C07431}.Simulation|ARM.ActiveCfg = Simulation|Win32
		{28E99E61-BD54-4180-89C4-6902A8C07431}.Simulation|Mixed Platforms.ActiveCfg = Simulation|Win32
		{28E99E61-BD54-4180-89C4-6902A8C07431}.Simulation|Mixed Platforms.Build.0 = Simulation|Win32
		{28E99E61-BD54-4180-89C4-6902A8C07431}.Simulation|Win32.ActiveCfg = Simulation|Win32
		{28E99E61-BD54-4180-89C4-6902A8C07431}.Simulation|Win32.Build.0 = Simulation|Win32
		{28E99E61-BD54-4180-89C4-6902A8C07431}.Simulation|x64.ActiveCfg = Simulation|Win32
		{FDFAA09D-7D32-449E-9C40-024BDFA17770}.Debug|ARM.ActiveCfg = Debug|Win32
		{FDFAA09D-7D32-449E-9C40-024BDFA17770}.Debug|Mixed Platforms.ActiveCfg = Debug|Win32
		{FDFAA09D-7D32-449E-9C40-024BDFA17770}.Debug|Mixed Platforms.Build.0 = Debug|Win32
		{FDFAA09D-7D32-449E-9C40-024BDFA17770}.Debug|Win32.ActiveCfg = Debug|Win32
		{FDFAA09D-7D32-449E-9C40-024BDFA17770}.Debug|Win32.Build.0 = Debug|Win32
		{FDFAA09D-7D32-449E-9C40-024BDFA17770}.Debug|x64.ActiveCfg = Debug|Win32
		{FDFAA09D-7D32-449E-9C40-024BDFA17770}.DLL-Import Debug|ARM.ActiveCfg = Debug|Win32
		{FDFAA09D-7D32-449E-9C40-024BDFA17770}.DLL-Import Debug|Mixed Platforms.ActiveCfg = Debug|Win32
		{FDFAA09D-7D32-449E-9C40-024BDFA17770}.DLL-Import Debug|Mixed Platforms.Build.0 = Debug|Win32
		{FDFAA09D-7D32-449E-9C40-024BDFA17770}.DLL-Import Debug|Win32.ActiveCfg = Debug|Win32
		{FDFAA09D-7D32-449E-9C40-024BDFA17770}.DLL-Import Debug|Win32.Build.0 = Debug|Win32
		{FDFAA09D-7D32-449E-9C40-024BDFA17770}.DLL-Import Debug|x64.ActiveCfg = Debug|Win32
		{FDFAA09D-7D32-449E-9C40-024BDFA17770}.DLL-Import Release|ARM.ActiveCfg = Release|Win32
		{FDFAA09D-7D32-449E-9C40-024BDFA17770}.DLL-Import Release|Mixed Platforms.ActiveCfg = Release|Win32
		{FDFAA09D-7D32-449E-9C40-024BDFA17770}.DLL-Import Release|Mixed Platforms.Build.0 = Release|Win32
		{FDFAA09D-7D32-449E-9C40-024BDFA17770}.DLL-Import Release|Win32.ActiveCfg = Release|Win32
		{FDFAA09D-7D32-449E-9C40-024BDFA17770}.DLL-Import Release|Win32.Build.0 = Release|Win32
		{FDFAA09D-7D32-449E-9C40-024BDFA17770}.DLL-Import Release|x64.ActiveCfg = Release|Win32
		{FDFAA09D-7D32-449E-9C40-024BDFA17770}.Prerelease|ARM.ActiveCfg = Prerelease|Win32
		{FDFAA09D-7D32-449E-9C40-024BDFA17770}.Prerelease|Mixed Platforms.ActiveCfg = Prerelease|Win32
		{FDFAA09D-7D32-449E-9C40-024BDFA17770}.Prerelease|Mixed Platforms.Build.0 = Prerelease|Win32
		{FDFAA09D-7D32-449E-9C40-024BDFA17770}.Prerelease|Win32.ActiveCfg = Prerelease|Win32
		{FDFAA09D-7D32-449E-9C40-024BDFA17770}.Prerelease|Win32.Build.0 = Prerelease|Win32
		{FDFAA09D-7D32-449E-9C40-024BDFA17770}.Prerelease|x64.ActiveCfg = Prerelease|Win32
		{FDFAA09D-7D32-449E-9C40-024BDFA17770}.Release|ARM.ActiveCfg = Release|Win32
		{FDFAA09D-7D32-449E-9C40-024BDFA17770}.Release|Mixed Platforms.ActiveCfg = Release|Win32
		{FDFAA09D-7D32-449E-9C40-024BDFA17770}.Release|Mixed Platforms.Build.0 = Release|Win32
		{FDFAA09D-7D32-449E-9C40-024BDFA17770}.Release|Win32.ActiveCfg = Release|Win32
		{FDFAA09D-7D32-449E-9C40-024BDFA17770}.Release|Win32.Build.0 = Release|Win32
		{FDFAA09D-7D32-449E-9C40-024BDFA17770}.Release|x64.ActiveCfg = Release|Win32
		{FDFAA09D-7D32-449E-9C40-024BDFA17770}.Simulation|ARM.ActiveCfg = Simulation|Win32
		{FDFAA09D-7D32-449E-9C40-024BDFA17770}.Simulation|Mixed Platforms.ActiveCfg = Simulation|Win32
		{FDFAA09D-7D32-449E-9C40-024BDFA17770}.Simulation|Mixed Platforms.Build.0 = Simulation|Win32
		{FDFAA09D-7D32-449E-9C40-024BDFA17770}.Simulation|Win32.ActiveCfg = Simulation|Win32
		{FDFAA09D-7D32-449E-9C40-024BDFA17770}.Simulation|Win32.Build.0 = Simulation|Win32
		{FDFAA09D-7D32-449E-9C40-024BDFA17770}.Simulation|x64.ActiveCfg = Simulation|Win32
		{838CCE5D-E8C2-44B6-A38D-33B96B80174F}.Debug|ARM.ActiveCfg = Debug|Win32
		{838CCE5D-E8C2-44B6-A38D-33B96B80174F}.Debug|Mixed Platforms.ActiveCfg = Debug|Win32
		{838CCE5D-E8C2-44B6-A38D-33B96B80174F}.Debug|Mixed Platforms.Build.0 = Debug|Win32
		{838CCE5D-E8C2-44B6-A38D-33B96B80174F}.Debug|Win32.ActiveCfg = Debug|Win32
		{838CCE5D-E8C2-44B6-A38D-33B96B80174F}.Debug|Win32.Build.0 = Debug|Win32
		{838CCE5D-E8C2-44B6-A38D-33B96B80174F}.Debug|x64.ActiveCfg = Debug|Win32
		{838CCE5D-E8C2-44B6-A38D-33B96B80174F}.DLL-Import Debug|ARM.ActiveCfg = Debug|Win32
		{838CCE5D-E8C2-44B6-A38D-33B96B80174F}.DLL-Import Debug|Mixed Platforms.ActiveCfg = Debug|Win32
		{838CCE5D-E8C2-44B6-A38D-33B96B80174F}.DLL-Import Debug|Mixed Platforms.Build.0 = Debug|Win32
		{838CCE5D-E8C2-44B6-A38D-33B96B80174F}.DLL-Import Debug|Win32.ActiveCfg = Debug|Win32
		{838CCE5D-E8C2-44B6-A38D-33B96B80174F}.DLL-Import Debug|Win32.Build.0 = Debug|Win32
		{838CCE5D-E8C2-44B6-A38D-33B96B80174F}.DLL-Import Debug|x64.ActiveCfg = Debug|Win32
		{838CCE5D-E8C2-44B6-A38D-33B96B80174F}.DLL-Import Release|ARM.ActiveCfg = Release|Win32
		{838CCE5D-E8C2-44B6-A38D-33B96B80174F}.DLL-Import Release|Mixed Platforms.ActiveCfg = Release|Win32
		{838CCE5D-E8C2-44B6-A38D-33B96B80174F}.DLL-Import Release|Mixed Platforms.Build.0 = Release|Win32
		{838CCE5D-E8C2-44B6-A38D-33B96B80174F}.DLL-Import Release|Win32.ActiveCfg = Release|Win32
		{838CCE5D-E8C2-44B6-A38D-33B96B80174F}.DLL-Import Release|Win32.Build.0 = Release|Win32
		{838CCE5D-E8C2-44B6-A38D-33B96B80174F}.DLL-Import Release|x64.ActiveCfg = Release|Win32
		{838CCE5D-E8C2-44B6-A38D-33B96B80174F}.Prerelease|ARM.ActiveCfg = Prerelease|Win32
		{838CCE5D-E8C2-44B6-A38D-33B96B80174F}.Prerelease|Mixed Platforms.ActiveCfg = Prerelease|Win32
		{838CCE5D-E8C2-44B6-A38D-33B96B80174F}.Prerelease|Mixed Platforms.Build.0 = Prerelease|Win32
		{838CCE5D-E8C2-44B6-A38D-33B96B80174F}.Prerelease|Win32.ActiveCfg = Prerelease|Win32
		{838CCE5D-E8C2-44B6-A38D-33B96B80174F}.Prerelease|Win32.Build.0 = Prerelease|Win32
		{838CCE5D-E8C2-44B6-A38D-33B96B80174F}.Prerelease|x64.ActiveCfg = Prerelease|Win32
		{838CCE5D-E8C2-44B6-A38D-33B96B80174F}.Release|ARM.ActiveCfg = Release|Win32
		{838CCE5D-E8C2-44B6-A38D-33B96B80174F}.Release|Mixed Platforms.ActiveCfg = Release|Win32
		{838CCE5D-E8C2-44B6-A38D-33B96B80174F}.Release|Mixed Platforms.Build.0 = Release|Win32
		{838CCE5D-E8C2-44B6-A38D-33B96B80174F}.Release|Win32.ActiveCfg = Release|Win32
		{838CCE5D-E8C2-44B6-A38D-33B96B80174F}.Release|Win32.Build.0 = Release|Win32
		{838CCE5D-E8C2-44B6-A38D-33B96B80174F}.Release|x64.ActiveCfg = Release|Win32
		{838CCE5D-E8C2-44B6-A38D-33B96B80174F}.Simulation|ARM.ActiveCfg = Simulation|Win32
		{838CCE5D-E8C2-44B6-A38D-33B96B80174F}.Simulation|Mixed Platforms.ActiveCfg = Simulation|Win32
		{838CCE5D-E8C2-44B6-A38D-33B96B80174F}.Simulation|Mixed Platforms.Build.0 = Simulation|Win32
		{838CCE5D-E8C2-44B6-A38D-33B96B80174F}.Simulation|Win32.ActiveCfg = Simulation|Win32
		{838CCE5D-E8C2-44B6-A38D-33B96B80174F}.Simulation|Win32.Build.0 = Simulation|Win32
		{838CCE5D-E8C2-44B6-A38D-33B96B80174F}.Simulation|x64.ActiveCfg = Simulation|Win32
	EndGlobalSection
	GlobalSection(SolutionProperties) = preSolution
		HideSolutionNode = FALSE
	EndGlobalSection
EndGlobal
