<?xml version="1.0" encoding="utf-8"?>
<Project ToolsVersion="4.0" xmlns="http://schemas.microsoft.com/developer/msbuild/2003">
  <ItemGroup>
    <Filter Include="Generated Files">
      <UniqueIdentifier>{d7ed9093-df1b-4af9-84e4-6f29b0fea3da}</UniqueIdentifier>
    </Filter>
    <Filter Include="Source Files">
      <UniqueIdentifier>{12a06cc3-6333-482e-81b6-cc137856a1a4}</UniqueIdentifier>
      <Extensions>cpp;c;edl;def; .. and other options</Extensions>
    </Filter>
    <Filter Include="Header Files">
      <UniqueIdentifier>{914a7f26-d6cb-4c4f-b947-e2bb27e905f7}</UniqueIdentifier>
      <Extensions>h;hpp; .. and other options</Extensions>
    </Filter>
    <Filter Include="Resource Files">
      <UniqueIdentifier>{259af1ad-cbc4-4fa9-8504-dbe80e337c5f}</UniqueIdentifier>
      <Extensions>rc;xml;pem; .. and other options</Extensions>
    </Filter>
    <Filter Include="mbedTLS">
      <UniqueIdentifier>{78bba24a-6e68-4ac9-be97-10b2f69b9861}</UniqueIdentifier>
    </Filter>
  </ItemGroup>
  <ItemGroup>
    <ClInclude Include="DiffTesting_t.h">
      <Filter>Generated Files</Filter>
    </ClInclude>
    <ClInclude Include="Prog.h">
      <Filter>Header Files</Filter>
    </ClInclude>
    <ClInclude Include="openssltime_t.h">
      <Filter>Header Files</Filter>
    </ClInclude>
    <ClInclude Include="TimeUtils.h">
      <Filter>Header Files</Filter>
    </ClInclude>
  </ItemGroup>
  <ItemGroup>
    <Text Include="ReadMe.txt" />
  </ItemGroup>
  <ItemGroup>
    <CustomBuild Include="DiffTesting.edl">
      <Filter>Source Files</Filter>
    </CustomBuild>
  </ItemGroup>
  <ItemGroup>
    <ClCompile Include="DiffTesting.cpp">
      <Filter>Source Files</Filter>
    </ClCompile>
    <ClCompile Include="TimeUtils.cpp">
      <Filter>Source Files</Filter>
    </ClCompile>
    <ClCompile Include="mbedtls_sgx_glue.c">
      <Filter>Source Files</Filter>
    </ClCompile>
    <ClCompile Include="..\mbedtls-2.2.1\library\aes.c">
      <Filter>mbedTLS</Filter>
    </ClCompile>
    <ClCompile Include="..\mbedtls-2.2.1\library\aesni.c">
      <Filter>mbedTLS</Filter>
    </ClCompile>
    <ClCompile Include="..\mbedtls-2.2.1\library\arc4.c">
      <Filter>mbedTLS</Filter>
    </ClCompile>
    <ClCompile Include="..\mbedtls-2.2.1\library\asn1parse.c">
      <Filter>mbedTLS</Filter>
    </ClCompile>
    <ClCompile Include="..\mbedtls-2.2.1\library\asn1write.c">
      <Filter>mbedTLS</Filter>
    </ClCompile>
    <ClCompile Include="..\mbedtls-2.2.1\library\base64.c">
      <Filter>mbedTLS</Filter>
    </ClCompile>
    <ClCompile Include="..\mbedtls-2.2.1\library\bignum.c">
      <Filter>mbedTLS</Filter>
    </ClCompile>
    <ClCompile Include="..\mbedtls-2.2.1\library\blowfish.c">
      <Filter>mbedTLS</Filter>
    </ClCompile>
    <ClCompile Include="..\mbedtls-2.2.1\library\camellia.c">
      <Filter>mbedTLS</Filter>
    </ClCompile>
    <ClCompile Include="..\mbedtls-2.2.1\library\ccm.c">
      <Filter>mbedTLS</Filter>
    </ClCompile>
    <ClCompile Include="..\mbedtls-2.2.1\library\certs.c">
      <Filter>mbedTLS</Filter>
    </ClCompile>
    <ClCompile Include="..\mbedtls-2.2.1\library\cipher.c">
      <Filter>mbedTLS</Filter>
    </ClCompile>
    <ClCompile Include="..\mbedtls-2.2.1\library\cipher_wrap.c">
      <Filter>mbedTLS</Filter>
    </ClCompile>
    <ClCompile Include="..\mbedtls-2.2.1\library\ctr_drbg.c">
      <Filter>mbedTLS</Filter>
    </ClCompile>
    <ClCompile Include="..\mbedtls-2.2.1\library\debug.c">
      <Filter>mbedTLS</Filter>
    </ClCompile>
    <ClCompile Include="..\mbedtls-2.2.1\library\des.c">
      <Filter>mbedTLS</Filter>
    </ClCompile>
    <ClCompile Include="..\mbedtls-2.2.1\library\dhm.c">
      <Filter>mbedTLS</Filter>
    </ClCompile>
    <ClCompile Include="..\mbedtls-2.2.1\library\ecdh.c">
      <Filter>mbedTLS</Filter>
    </ClCompile>
    <ClCompile Include="..\mbedtls-2.2.1\library\ecdsa.c">
      <Filter>mbedTLS</Filter>
    </ClCompile>
    <ClCompile Include="..\mbedtls-2.2.1\library\ecjpake.c">
      <Filter>mbedTLS</Filter>
    </ClCompile>
    <ClCompile Include="..\mbedtls-2.2.1\library\ecp.c">
      <Filter>mbedTLS</Filter>
    </ClCompile>
    <ClCompile Include="..\mbedtls-2.2.1\library\ecp_curves.c">
      <Filter>mbedTLS</Filter>
    </ClCompile>
    <ClCompile Include="..\mbedtls-2.2.1\library\entropy.c">
      <Filter>mbedTLS</Filter>
    </ClCompile>
    <ClCompile Include="..\mbedtls-2.2.1\library\entropy_poll.c">
      <Filter>mbedTLS</Filter>
    </ClCompile>
    <ClCompile Include="..\mbedtls-2.2.1\library\error.c">
      <Filter>mbedTLS</Filter>
    </ClCompile>
    <ClCompile Include="..\mbedtls-2.2.1\library\gcm.c">
      <Filter>mbedTLS</Filter>
    </ClCompile>
    <ClCompile Include="..\mbedtls-2.2.1\library\havege.c">
      <Filter>mbedTLS</Filter>
    </ClCompile>
    <ClCompile Include="..\mbedtls-2.2.1\library\hmac_drbg.c">
      <Filter>mbedTLS</Filter>
    </ClCompile>
    <ClCompile Include="..\mbedtls-2.2.1\library\md.c">
      <Filter>mbedTLS</Filter>
    </ClCompile>
    <ClCompile Include="..\mbedtls-2.2.1\library\md_wrap.c">
      <Filter>mbedTLS</Filter>
    </ClCompile>
    <ClCompile Include="..\mbedtls-2.2.1\library\md2.c">
      <Filter>mbedTLS</Filter>
    </ClCompile>
    <ClCompile Include="..\mbedtls-2.2.1\library\md4.c">
      <Filter>mbedTLS</Filter>
    </ClCompile>
    <ClCompile Include="..\mbedtls-2.2.1\library\md5.c">
      <Filter>mbedTLS</Filter>
    </ClCompile>
    <ClCompile Include="..\mbedtls-2.2.1\library\memory_buffer_alloc.c">
      <Filter>mbedTLS</Filter>
    </ClCompile>
    <ClCompile Include="..\mbedtls-2.2.1\library\net.c">
      <Filter>mbedTLS</Filter>
    </ClCompile>
    <ClCompile Include="..\mbedtls-2.2.1\library\oid.c">
      <Filter>mbedTLS</Filter>
    </ClCompile>
    <ClCompile Include="..\mbedtls-2.2.1\library\padlock.c">
      <Filter>mbedTLS</Filter>
    </ClCompile>
    <ClCompile Include="..\mbedtls-2.2.1\library\pem.c">
      <Filter>mbedTLS</Filter>
    </ClCompile>
    <ClCompile Include="..\mbedtls-2.2.1\library\pk.c">
      <Filter>mbedTLS</Filter>
    </ClCompile>
    <ClCompile Include="..\mbedtls-2.2.1\library\pk_wrap.c">
      <Filter>mbedTLS</Filter>
    </ClCompile>
    <ClCompile Include="..\mbedtls-2.2.1\library\pkcs5.c">
      <Filter>mbedTLS</Filter>
    </ClCompile>
    <ClCompile Include="..\mbedtls-2.2.1\library\pkcs11.c">
      <Filter>mbedTLS</Filter>
    </ClCompile>
    <ClCompile Include="..\mbedtls-2.2.1\library\pkcs12.c">
      <Filter>mbedTLS</Filter>
    </ClCompile>
    <ClCompile Include="..\mbedtls-2.2.1\library\pkparse.c">
      <Filter>mbedTLS</Filter>
    </ClCompile>
    <ClCompile Include="..\mbedtls-2.2.1\library\pkwrite.c">
      <Filter>mbedTLS</Filter>
    </ClCompile>
    <ClCompile Include="..\mbedtls-2.2.1\library\platform.c">
      <Filter>mbedTLS</Filter>
    </ClCompile>
    <ClCompile Include="..\mbedtls-2.2.1\library\ripemd160.c">
      <Filter>mbedTLS</Filter>
    </ClCompile>
    <ClCompile Include="..\mbedtls-2.2.1\library\rsa.c">
      <Filter>mbedTLS</Filter>
    </ClCompile>
    <ClCompile Include="..\mbedtls-2.2.1\library\sha1.c">
      <Filter>mbedTLS</Filter>
    </ClCompile>
    <ClCompile Include="..\mbedtls-2.2.1\library\sha256.c">
      <Filter>mbedTLS</Filter>
    </ClCompile>
    <ClCompile Include="..\mbedtls-2.2.1\library\sha512.c">
      <Filter>mbedTLS</Filter>
    </ClCompile>
    <ClCompile Include="..\mbedtls-2.2.1\library\ssl_cache.c">
      <Filter>mbedTLS</Filter>
    </ClCompile>
    <ClCompile Include="..\mbedtls-2.2.1\library\ssl_ciphersuites.c">
      <Filter>mbedTLS</Filter>
    </ClCompile>
    <ClCompile Include="..\mbedtls-2.2.1\library\ssl_cli.c">
      <Filter>mbedTLS</Filter>
    </ClCompile>
    <ClCompile Include="..\mbedtls-2.2.1\library\ssl_cookie.c">
      <Filter>mbedTLS</Filter>
    </ClCompile>
    <ClCompile Include="..\mbedtls-2.2.1\library\ssl_srv.c">
      <Filter>mbedTLS</Filter>
    </ClCompile>
    <ClCompile Include="..\mbedtls-2.2.1\library\ssl_ticket.c">
      <Filter>mbedTLS</Filter>
    </ClCompile>
    <ClCompile Include="..\mbedtls-2.2.1\library\ssl_tls.c">
      <Filter>mbedTLS</Filter>
    </ClCompile>
    <ClCompile Include="..\mbedtls-2.2.1\library\threading.c">
      <Filter>mbedTLS</Filter>
    </ClCompile>
    <ClCompile Include="..\mbedtls-2.2.1\library\timing.c">
      <Filter>mbedTLS</Filter>
    </ClCompile>
    <ClCompile Include="..\mbedtls-2.2.1\library\version.c">
      <Filter>mbedTLS</Filter>
    </ClCompile>
    <ClCompile Include="..\mbedtls-2.2.1\library\version_features.c">
      <Filter>mbedTLS</Filter>
    </ClCompile>
    <ClCompile Include="..\mbedtls-2.2.1\library\x509.c">
      <Filter>mbedTLS</Filter>
    </ClCompile>
    <ClCompile Include="..\mbedtls-2.2.1\library\x509_create.c">
      <Filter>mbedTLS</Filter>
    </ClCompile>
    <ClCompile Include="..\mbedtls-2.2.1\library\x509_crl.c">
      <Filter>mbedTLS</Filter>
    </ClCompile>
    <ClCompile Include="..\mbedtls-2.2.1\library\x509_crt.c">
      <Filter>mbedTLS</Filter>
    </ClCompile>
    <ClCompile Include="..\mbedtls-2.2.1\library\x509_csr.c">
      <Filter>mbedTLS</Filter>
    </ClCompile>
    <ClCompile Include="..\mbedtls-2.2.1\library\x509write_crt.c">
      <Filter>mbedTLS</Filter>
    </ClCompile>
    <ClCompile Include="..\mbedtls-2.2.1\library\x509write_csr.c">
      <Filter>mbedTLS</Filter>
    </ClCompile>
    <ClCompile Include="..\mbedtls-2.2.1\library\xtea.c">
      <Filter>mbedTLS</Filter>
    </ClCompile>
  </ItemGroup>
</Project>